
Microsoft Visual Studio Solution File, Format Version 12.00
# Visual Studio 15
VisualStudioVersion = 15.0.27130.2010
MinimumVisualStudioVersion = 10.0.40219.1
Project("{8BC9CEB8-8B4A-11D0-8D11-00A0C91BC942}") = "BoostSmartPointerSharedOwnership", "BoostSmartPointerSharedOwnership.vcxproj", "{0528C4C6-5A5D-4AC8-8DA9-47260B1FB77A}"
EndProject
Global
	GlobalSection(SolutionConfigurationPlatforms) = preSolution
		Debug|x64 = Debug|x64
		Debug|x86 = Debug|x86
		Release|x64 = Release|x64
		Release|x86 = Release|x86
	EndGlobalSection
	GlobalSection(ProjectConfigurationPlatforms) = postSolution
		{0528C4C6-5A5D-4AC8-8DA9-47260B1FB77A}.Debug|x64.ActiveCfg = Debug|x64
		{0528C4C6-5A5D-4AC8-8DA9-47260B1FB77A}.Debug|x64.Build.0 = Debug|x64
		{0528C4C6-5A5D-4AC8-8DA9-47260B1FB77A}.Debug|x86.ActiveCfg = Debug|Win32
		{0528C4C6-5A5D-4AC8-8DA9-47260B1FB77A}.Debug|x86.Build.0 = Debug|Win32
		{0528C4C6-5A5D-4AC8-8DA9-47260B1FB77A}.Release|x64.ActiveCfg = Release|x64
		{0528C4C6-5A5D-4AC8-8DA9-47260B1FB77A}.Release|x64.Build.0 = Release|x64
		{0528C4C6-5A5D-4AC8-8DA9-47260B1FB77A}.Release|x86.ActiveCfg = Release|Win32
		{0528C4C6-5A5D-4AC8-8DA9-47260B1FB77A}.Release|x86.Build.0 = Release|Win32
	EndGlobalSection
	GlobalSection(SolutionProperties) = preSolution
		HideSolutionNode = FALSE
	EndGlobalSection
	GlobalSection(ExtensibilityGlobals) = postSolution
		SolutionGuid = {3720306E-8D73-48D1-A828-A373B76EB1D1}
	EndGlobalSection
EndGlobal
